
Microsoft Visual Studio Solution File, Format Version 11.00
# Visual Studio 2010
Project("{FAE04EC0-301F-11D3-BF4B-00C04F79EFBC}") = "Assembly-CSharp", "Assembly-CSharp.csproj", "{bec9ed63-a1e7-c3af-19ce-79d4d17d01cd}"
EndProject
Project("{FAE04EC0-301F-11D3-BF4B-00C04F79EFBC}") = "Assembly-CSharp-firstpass", "Assembly-CSharp-firstpass.csproj", "{4c544fbf-8781-1d8b-eb84-116e96edcda8}"
EndProject
Global
	GlobalSection(SolutionConfigurationPlatforms) = preSolution
		Debug|Any CPU = Debug|Any CPU
	EndGlobalSection
	GlobalSection(ProjectConfigurationPlatforms) = postSolution
		{bec9ed63-a1e7-c3af-19ce-79d4d17d01cd}.Debug|Any CPU.ActiveCfg = Debug|Any CPU
		{bec9ed63-a1e7-c3af-19ce-79d4d17d01cd}.Debug|Any CPU.Build.0 = Debug|Any CPU
		{4c544fbf-8781-1d8b-eb84-116e96edcda8}.Debug|Any CPU.ActiveCfg = Debug|Any CPU
		{4c544fbf-8781-1d8b-eb84-116e96edcda8}.Debug|Any CPU.Build.0 = Debug|Any CPU
	EndGlobalSection
	GlobalSection(SolutionProperties) = preSolution
		HideSolutionNode = FALSE
	EndGlobalSection
EndGlobal
